
Microsoft Visual Studio Solution File, Format Version 12.00
# Visual Studio Version 17
VisualStudioVersion = 17.11.34929.205
MinimumVisualStudioVersion = 10.0.40219.1
Project("{FAE04EC0-301F-11D3-BF4B-00C04F79EFBC}") = "BlazorSvrServiceBusQueueFeeder", "BlazorSvrServiceBusQueueFeeder.csproj", "{5870C6CF-EFD8-451A-B1C6-184F7D842C30}"
EndProject
Global
	GlobalSection(SolutionConfigurationPlatforms) = preSolution
		Debug|Any CPU = Debug|Any CPU
		Release|Any CPU = Release|Any CPU
	EndGlobalSection
	GlobalSection(ProjectConfigurationPlatforms) = postSolution
		{5870C6CF-EFD8-451A-B1C6-184F7D842C30}.Debug|Any CPU.ActiveCfg = Debug|Any CPU
		{5870C6CF-EFD8-451A-B1C6-184F7D842C30}.Debug|Any CPU.Build.0 = Debug|Any CPU
		{5870C6CF-EFD8-451A-B1C6-184F7D842C30}.Release|Any CPU.ActiveCfg = Release|Any CPU
		{5870C6CF-EFD8-451A-B1C6-184F7D842C30}.Release|Any CPU.Build.0 = Release|Any CPU
	EndGlobalSection
	GlobalSection(SolutionProperties) = preSolution
		HideSolutionNode = FALSE
	EndGlobalSection
	GlobalSection(ExtensibilityGlobals) = postSolution
		SolutionGuid = {51BC0A5B-92C6-4AFC-8662-98A9584A8690}
	EndGlobalSection
EndGlobal
